
Microsoft Visual Studio Solution File, Format Version 11.00
# Visual Studio 2010
Project("{FAE04EC0-301F-11D3-BF4B-00C04F79EFBC}") = "Assembly-CSharp", "Assembly-CSharp.csproj", "{C0ABEFCF-0796-0A16-30DB-4D60583BB27F}"
EndProject
Project("{FAE04EC0-301F-11D3-BF4B-00C04F79EFBC}") = "Assembly-CSharp-Editor", "Assembly-CSharp-Editor.csproj", "{F09F9C83-0D8E-4A14-5C83-D8DBC5031A20}"
EndProject
Global
	GlobalSection(SolutionConfigurationPlatforms) = preSolution
		Debug|Any CPU = Debug|Any CPU
		Release|Any CPU = Release|Any CPU
	EndGlobalSection
	GlobalSection(ProjectConfigurationPlatforms) = postSolution
		{C0ABEFCF-0796-0A16-30DB-4D60583BB27F}.Debug|Any CPU.ActiveCfg = Debug|Any CPU
		{C0ABEFCF-0796-0A16-30DB-4D60583BB27F}.Debug|Any CPU.Build.0 = Debug|Any CPU
		{C0ABEFCF-0796-0A16-30DB-4D60583BB27F}.Release|Any CPU.ActiveCfg = Release|Any CPU
		{C0ABEFCF-0796-0A16-30DB-4D60583BB27F}.Release|Any CPU.Build.0 = Release|Any CPU
		{F09F9C83-0D8E-4A14-5C83-D8DBC5031A20}.Debug|Any CPU.ActiveCfg = Debug|Any CPU
		{F09F9C83-0D8E-4A14-5C83-D8DBC5031A20}.Debug|Any CPU.Build.0 = Debug|Any CPU
		{F09F9C83-0D8E-4A14-5C83-D8DBC5031A20}.Release|Any CPU.ActiveCfg = Release|Any CPU
		{F09F9C83-0D8E-4A14-5C83-D8DBC5031A20}.Release|Any CPU.Build.0 = Release|Any CPU
	EndGlobalSection
	GlobalSection(SolutionProperties) = preSolution
		HideSolutionNode = FALSE
	EndGlobalSection
	GlobalSection(MonoDevelopProperties) = preSolution
		StartupItem = Assembly-CSharp.csproj
	EndGlobalSection
EndGlobal
